
Microsoft Visual Studio Solution File, Format Version 12.00
# Visual Studio Version 16
VisualStudioVersion = 16.0.29519.87
MinimumVisualStudioVersion = 10.0.40219.1
Project("{FAE04EC0-301F-11D3-BF4B-00C04F79EFBC}") = "MeetingBoard", "MeetingBoard\MeetingBoard.csproj", "{FA4743D1-0A87-4098-93F3-480B57A85175}"
EndProject
Project("{FAE04EC0-301F-11D3-BF4B-00C04F79EFBC}") = "MeetingNotes.Repository", "MeetingNotes.Repository\MeetingNotes.Repository.csproj", "{7DA047B4-C6D0-48D4-9A0A-0D49775AB41B}"
EndProject
Project("{FAE04EC0-301F-11D3-BF4B-00C04F79EFBC}") = "MeetingNotes.Models", "MeetingNotes.Models\MeetingNotes.Models.csproj", "{FA33DA6F-7F15-4FE0-B240-9F4DCD0996CE}"
EndProject
Global
	GlobalSection(SolutionConfigurationPlatforms) = preSolution
		Debug|Any CPU = Debug|Any CPU
		Release|Any CPU = Release|Any CPU
	EndGlobalSection
	GlobalSection(ProjectConfigurationPlatforms) = postSolution
		{FA4743D1-0A87-4098-93F3-480B57A85175}.Debug|Any CPU.ActiveCfg = Debug|Any CPU
		{FA4743D1-0A87-4098-93F3-480B57A85175}.Debug|Any CPU.Build.0 = Debug|Any CPU
		{FA4743D1-0A87-4098-93F3-480B57A85175}.Release|Any CPU.ActiveCfg = Release|Any CPU
		{FA4743D1-0A87-4098-93F3-480B57A85175}.Release|Any CPU.Build.0 = Release|Any CPU
		{7DA047B4-C6D0-48D4-9A0A-0D49775AB41B}.Debug|Any CPU.ActiveCfg = Debug|Any CPU
		{7DA047B4-C6D0-48D4-9A0A-0D49775AB41B}.Debug|Any CPU.Build.0 = Debug|Any CPU
		{7DA047B4-C6D0-48D4-9A0A-0D49775AB41B}.Release|Any CPU.ActiveCfg = Release|Any CPU
		{7DA047B4-C6D0-48D4-9A0A-0D49775AB41B}.Release|Any CPU.Build.0 = Release|Any CPU
		{FA33DA6F-7F15-4FE0-B240-9F4DCD0996CE}.Debug|Any CPU.ActiveCfg = Debug|Any CPU
		{FA33DA6F-7F15-4FE0-B240-9F4DCD0996CE}.Debug|Any CPU.Build.0 = Debug|Any CPU
		{FA33DA6F-7F15-4FE0-B240-9F4DCD0996CE}.Release|Any CPU.ActiveCfg = Release|Any CPU
		{FA33DA6F-7F15-4FE0-B240-9F4DCD0996CE}.Release|Any CPU.Build.0 = Release|Any CPU
	EndGlobalSection
	GlobalSection(SolutionProperties) = preSolution
		HideSolutionNode = FALSE
	EndGlobalSection
	GlobalSection(ExtensibilityGlobals) = postSolution
		SolutionGuid = {971E1BA8-C336-454E-BBF0-43D4D35DD479}
	EndGlobalSection
EndGlobal
