
Microsoft Visual Studio Solution File, Format Version 12.00
# Visual Studio Version 16
VisualStudioVersion = 16.0.29519.87
MinimumVisualStudioVersion = 10.0.40219.1
Project("{9A19103F-16F7-4668-BE54-9A1E7A4F7556}") = "MeetingBoard.Web", "MeetingBoard\MeetingBoard.Web.csproj", "{FA4743D1-0A87-4098-93F3-480B57A85175}"
EndProject
Project("{9A19103F-16F7-4668-BE54-9A1E7A4F7556}") = "MeetingBoard.Repository", "MeetingNotes.Repository\MeetingBoard.Repository.csproj", "{7DA047B4-C6D0-48D4-9A0A-0D49775AB41B}"
EndProject
Project("{9A19103F-16F7-4668-BE54-9A1E7A4F7556}") = "MeetingBoard.Models", "MeetingNotes.Models\MeetingBoard.Models.csproj", "{FA33DA6F-7F15-4FE0-B240-9F4DCD0996CE}"
EndProject
Project("{9A19103F-16F7-4668-BE54-9A1E7A4F7556}") = "MeetingBoard.Encryption", "MeetingBoard.Encryption\MeetingBoard.Encryption.csproj", "{F41018D3-6C99-4353-B835-C9721D2FB1B2}"
EndProject
Global
	GlobalSection(SolutionConfigurationPlatforms) = preSolution
		Debug|Any CPU = Debug|Any CPU
		Release|Any CPU = Release|Any CPU
	EndGlobalSection
	GlobalSection(ProjectConfigurationPlatforms) = postSolution
		{FA4743D1-0A87-4098-93F3-480B57A85175}.Debug|Any CPU.ActiveCfg = Debug|Any CPU
		{FA4743D1-0A87-4098-93F3-480B57A85175}.Debug|Any CPU.Build.0 = Debug|Any CPU
		{FA4743D1-0A87-4098-93F3-480B57A85175}.Release|Any CPU.ActiveCfg = Release|Any CPU
		{FA4743D1-0A87-4098-93F3-480B57A85175}.Release|Any CPU.Build.0 = Release|Any CPU
		{7DA047B4-C6D0-48D4-9A0A-0D49775AB41B}.Debug|Any CPU.ActiveCfg = Debug|Any CPU
		{7DA047B4-C6D0-48D4-9A0A-0D49775AB41B}.Debug|Any CPU.Build.0 = Debug|Any CPU
		{7DA047B4-C6D0-48D4-9A0A-0D49775AB41B}.Release|Any CPU.ActiveCfg = Release|Any CPU
		{7DA047B4-C6D0-48D4-9A0A-0D49775AB41B}.Release|Any CPU.Build.0 = Release|Any CPU
		{FA33DA6F-7F15-4FE0-B240-9F4DCD0996CE}.Debug|Any CPU.ActiveCfg = Debug|Any CPU
		{FA33DA6F-7F15-4FE0-B240-9F4DCD0996CE}.Debug|Any CPU.Build.0 = Debug|Any CPU
		{FA33DA6F-7F15-4FE0-B240-9F4DCD0996CE}.Release|Any CPU.ActiveCfg = Release|Any CPU
		{FA33DA6F-7F15-4FE0-B240-9F4DCD0996CE}.Release|Any CPU.Build.0 = Release|Any CPU
		{F41018D3-6C99-4353-B835-C9721D2FB1B2}.Debug|Any CPU.ActiveCfg = Debug|Any CPU
		{F41018D3-6C99-4353-B835-C9721D2FB1B2}.Debug|Any CPU.Build.0 = Debug|Any CPU
		{F41018D3-6C99-4353-B835-C9721D2FB1B2}.Release|Any CPU.ActiveCfg = Release|Any CPU
		{F41018D3-6C99-4353-B835-C9721D2FB1B2}.Release|Any CPU.Build.0 = Release|Any CPU
	EndGlobalSection
	GlobalSection(SolutionProperties) = preSolution
		HideSolutionNode = FALSE
	EndGlobalSection
	GlobalSection(ExtensibilityGlobals) = postSolution
		SolutionGuid = {971E1BA8-C336-454E-BBF0-43D4D35DD479}
	EndGlobalSection
EndGlobal
